
Microsoft Visual Studio Solution File, Format Version 12.00
# Visual Studio Version 17
VisualStudioVersion = 17.4.33122.133
MinimumVisualStudioVersion = 10.0.40219.1
Project("{FAE04EC0-301F-11D3-BF4B-00C04F79EFBC}") = "SantaCopaRestApp", "SantaCopaRestApp.csproj", "{D9CF59A1-4B53-4FF2-AF19-60DD35053652}"
EndProject
Global
	GlobalSection(SolutionConfigurationPlatforms) = preSolution
		Debug|Any CPU = Debug|Any CPU
		Release|Any CPU = Release|Any CPU
	EndGlobalSection
	GlobalSection(ProjectConfigurationPlatforms) = postSolution
		{D9CF59A1-4B53-4FF2-AF19-60DD35053652}.Debug|Any CPU.ActiveCfg = Debug|Any CPU
		{D9CF59A1-4B53-4FF2-AF19-60DD35053652}.Debug|Any CPU.Build.0 = Debug|Any CPU
		{D9CF59A1-4B53-4FF2-AF19-60DD35053652}.Release|Any CPU.ActiveCfg = Release|Any CPU
		{D9CF59A1-4B53-4FF2-AF19-60DD35053652}.Release|Any CPU.Build.0 = Release|Any CPU
	EndGlobalSection
	GlobalSection(SolutionProperties) = preSolution
		HideSolutionNode = FALSE
	EndGlobalSection
	GlobalSection(ExtensibilityGlobals) = postSolution
		SolutionGuid = {B29AED65-3CDE-4922-91EC-A573D088570F}
	EndGlobalSection
EndGlobal
